{
  "lockfileVersion": 1,
  "configVersion": 1,
  "workspaces": {
    "": {
      "name": "nadeshiko-discord",
      "dependencies": {
        "@brigadasos/nadeshiko-sdk": "../../nadeshiko-sdk-ts/build/internal",
        "@opentelemetry/api": "^1.9.1",
        "@opentelemetry/exporter-metrics-otlp-http": "^0.214.0",
        "@opentelemetry/exporter-trace-otlp-http": "^0.214.0",
        "@opentelemetry/resources": "^2.6.1",
        "@opentelemetry/sdk-metrics": "^2.6.1",
        "@opentelemetry/sdk-trace-node": "^2.6.1",
        "@sentry/node": "^10.47.0",
        "discord.js": "^14.26.0",
        "pino": "^10.3.1",
      },
      "devDependencies": {
        "@biomejs/biome": "^2.3.14",
        "@types/bun": "^1.3.6",
        "@types/node": "^25.5.2",
        "pino-pretty": "^13.1.3",
      },
    },
  },
  "packages": {
    "@biomejs/biome": ["@biomejs/biome@2.4.10", "", { "optionalDependencies": { "@biomejs/cli-darwin-arm64": "2.4.10", "@biomejs/cli-darwin-x64": "2.4.10", "@biomejs/cli-linux-arm64": "2.4.10", "@biomejs/cli-linux-arm64-musl": "2.4.10", "@biomejs/cli-linux-x64": "2.4.10", "@biomejs/cli-linux-x64-musl": "2.4.10", "@biomejs/cli-win32-arm64": "2.4.10", "@biomejs/cli-win32-x64": "2.4.10" }, "bin": { "biome": "bin/biome" } }, "sha512-xxA3AphFQ1geij4JTHXv4EeSTda1IFn22ye9LdyVPoJU19fNVl0uzfEuhsfQ4Yue/0FaLs2/ccVi4UDiE7R30w=="],

    "@biomejs/cli-darwin-arm64": ["@biomejs/cli-darwin-arm64@2.4.10", "", { "os": "darwin", "cpu": "arm64" }, "sha512-vuzzI1cWqDVzOMIkYyHbKqp+AkQq4K7k+UCXWpkYcY/HDn1UxdsbsfgtVpa40shem8Kax4TLDLlx8kMAecgqiw=="],

    "@biomejs/cli-darwin-x64": ["@biomejs/cli-darwin-x64@2.4.10", "", { "os": "darwin", "cpu": "x64" }, "sha512-14fzASRo+BPotwp7nWULy2W5xeUyFnTaq1V13Etrrxkrih+ez/2QfgFm5Ehtf5vSjtgx/IJycMMpn5kPd5ZNaA=="],

    "@biomejs/cli-linux-arm64": ["@biomejs/cli-linux-arm64@2.4.10", "", { "os": "linux", "cpu": "arm64" }, "sha512-7MH1CMW5uuxQ/s7FLST63qF8B3Hgu2HRdZ7tA1X1+mk+St4JOuIrqdhIBnnyqeyWJNI+Bww7Es5QZ0wIc1Cmkw=="],

    "@biomejs/cli-linux-arm64-musl": ["@biomejs/cli-linux-arm64-musl@2.4.10", "", { "os": "linux", "cpu": "arm64" }, "sha512-WrJY6UuiSD/Dh+nwK2qOTu8kdMDlLV3dLMmychIghHPAysWFq1/DGC1pVZx8POE3ZkzKR3PUUnVrtZfMfaJjyQ=="],

    "@biomejs/cli-linux-x64": ["@biomejs/cli-linux-x64@2.4.10", "", { "os": "linux", "cpu": "x64" }, "sha512-tZLvEEi2u9Xu1zAqRjTcpIDGVtldigVvzug2fTuPG0ME/g8/mXpRPcNgLB22bGn6FvLJpHHnqLnwliOu8xjYrg=="],

    "@biomejs/cli-linux-x64-musl": ["@biomejs/cli-linux-x64-musl@2.4.10", "", { "os": "linux", "cpu": "x64" }, "sha512-kDTi3pI6PBN6CiczsWYOyP2zk0IJI08EWEQyDMQWW221rPaaEz6FvjLhnU07KMzLv8q3qSuoB93ua6inSQ55Tw=="],

    "@biomejs/cli-win32-arm64": ["@biomejs/cli-win32-arm64@2.4.10", "", { "os": "win32", "cpu": "arm64" }, "sha512-umwQU6qPzH+ISTf/eHyJ/QoQnJs3V9Vpjz2OjZXe9MVBZ7prgGafMy7yYeRGnlmDAn87AKTF3Q6weLoMGpeqdQ=="],

    "@biomejs/cli-win32-x64": ["@biomejs/cli-win32-x64@2.4.10", "", { "os": "win32", "cpu": "x64" }, "sha512-aW/JU5GuyH4uxMrNYpoC2kjaHlyJGLgIa3XkhPEZI0uKhZhJZU8BuEyJmvgzSPQNGozBwWjC972RaNdcJ9KyJg=="],

    "@brigadasos/nadeshiko-sdk": ["@brigadasos/nadeshiko-sdk@file:../../nadeshiko-sdk-ts/build/internal", {}],

    "@discordjs/builders": ["@discordjs/builders@1.14.1", "", { "dependencies": { "@discordjs/formatters": "^0.6.2", "@discordjs/util": "^1.2.0", "@sapphire/shapeshift": "^4.0.0", "discord-api-types": "^0.38.40", "fast-deep-equal": "^3.1.3", "ts-mixer": "^6.0.4", "tslib": "^2.6.3" } }, "sha512-gSKkhXLqs96TCzk66VZuHHl8z2bQMJFGwrXC0f33ngK+FLNau4hU1PYny3DNJfNdSH+gVMzE85/d5FQ2BpcNwQ=="],

    "@discordjs/collection": ["@discordjs/collection@1.5.3", "", {}, "sha512-SVb428OMd3WO1paV3rm6tSjM4wC+Kecaa1EUGX7vc6/fddvw/6lg90z4QtCqm21zvVe92vMMDt9+DkIvjXImQQ=="],

    "@discordjs/formatters": ["@discordjs/formatters@0.6.2", "", { "dependencies": { "discord-api-types": "^0.38.33" } }, "sha512-y4UPwWhH6vChKRkGdMB4odasUbHOUwy7KL+OVwF86PvT6QVOwElx+TiI1/6kcmcEe+g5YRXJFiXSXUdabqZOvQ=="],

    "@discordjs/rest": ["@discordjs/rest@2.6.1", "", { "dependencies": { "@discordjs/collection": "^2.1.1", "@discordjs/util": "^1.2.0", "@sapphire/async-queue": "^1.5.3", "@sapphire/snowflake": "^3.5.5", "@vladfrangu/async_event_emitter": "^2.4.6", "discord-api-types": "^0.38.40", "magic-bytes.js": "^1.13.0", "tslib": "^2.6.3", "undici": "6.24.1" } }, "sha512-wwQdgjeaoYFiaG+atbqx6aJDpqW7JHAo0HrQkBTbYzM3/PJ3GweQIpgElNcGZ26DCUOXMyawYd0YF7vtr+fZXg=="],

    "@discordjs/util": ["@discordjs/util@1.2.0", "", { "dependencies": { "discord-api-types": "^0.38.33" } }, "sha512-3LKP7F2+atl9vJFhaBjn4nOaSWahZ/yWjOvA4e5pnXkt2qyXRCHLxoBQy81GFtLGCq7K9lPm9R517M1U+/90Qg=="],

    "@discordjs/ws": ["@discordjs/ws@1.2.3", "", { "dependencies": { "@discordjs/collection": "^2.1.0", "@discordjs/rest": "^2.5.1", "@discordjs/util": "^1.1.0", "@sapphire/async-queue": "^1.5.2", "@types/ws": "^8.5.10", "@vladfrangu/async_event_emitter": "^2.2.4", "discord-api-types": "^0.38.1", "tslib": "^2.6.2", "ws": "^8.17.0" } }, "sha512-wPlQDxEmlDg5IxhJPuxXr3Vy9AjYq5xCvFWGJyD7w7Np8ZGu+Mc+97LCoEc/+AYCo2IDpKioiH0/c/mj5ZR9Uw=="],

    "@fastify/otel": ["@fastify/otel@0.18.0", "", { "dependencies": { "@opentelemetry/core": "^2.0.0", "@opentelemetry/instrumentation": "^0.212.0", "@opentelemetry/semantic-conventions": "^1.28.0", "minimatch": "^10.2.4" }, "peerDependencies": { "@opentelemetry/api": "^1.9.0" } }, "sha512-3TASCATfw+ctICSb4ymrv7iCm0qJ0N9CarB+CZ7zIJ7KqNbwI5JjyDL1/sxoC0ccTO1Zyd1iQ+oqncPg5FJXaA=="],

    "@opentelemetry/api": ["@opentelemetry/api@1.9.1", "", {}, "sha512-gLyJlPHPZYdAk1JENA9LeHejZe1Ti77/pTeFm/nMXmQH/HFZlcS/O2XJB+L8fkbrNSqhdtlvjBVjxwUYanNH5Q=="],

    "@opentelemetry/api-logs": ["@opentelemetry/api-logs@0.214.0", "", { "dependencies": { "@opentelemetry/api": "^1.3.0" } }, "sha512-40lSJeqYO8Uz2Yj7u94/SJWE/wONa7rmMKjI1ZcIjgf3MHNHv1OZUCrCETGuaRF62d5pQD1wKIW+L4lmSMTzZA=="],

    "@opentelemetry/context-async-hooks": ["@opentelemetry/context-async-hooks@2.6.1", "", { "peerDependencies": { "@opentelemetry/api": ">=1.0.0 <1.10.0" } }, "sha512-XHzhwRNkBpeP8Fs/qjGrAf9r9PRv67wkJQ/7ZPaBQQ68DYlTBBx5MF9LvPx7mhuXcDessKK2b+DcxqwpgkcivQ=="],

    "@opentelemetry/core": ["@opentelemetry/core@2.6.1", "", { "dependencies": { "@opentelemetry/semantic-conventions": "^1.29.0" }, "peerDependencies": { "@opentelemetry/api": ">=1.0.0 <1.10.0" } }, "sha512-8xHSGWpJP9wBxgBpnqGL0R3PbdWQndL1Qp50qrg71+B28zK5OQmUgcDKLJgzyAAV38t4tOyLMGDD60LneR5W8g=="],

    "@opentelemetry/exporter-metrics-otlp-http": ["@opentelemetry/exporter-metrics-otlp-http@0.214.0", "", { "dependencies": { "@opentelemetry/core": "2.6.1", "@opentelemetry/otlp-exporter-base": "0.214.0", "@opentelemetry/otlp-transformer": "0.214.0", "@opentelemetry/resources": "2.6.1", "@opentelemetry/sdk-metrics": "2.6.1" }, "peerDependencies": { "@opentelemetry/api": "^1.3.0" } }, "sha512-Tx/59RmjBgkXJ3qnsD04rpDrVWL53LU/czpgLJh+Ab98nAroe91I7vZ3uGN9mxwPS0jsZEnmqmHygVwB2vRMlA=="],

    "@opentelemetry/exporter-trace-otlp-http": ["@opentelemetry/exporter-trace-otlp-http@0.214.0", "", { "dependencies": { "@opentelemetry/core": "2.6.1", "@opentelemetry/otlp-exporter-base": "0.214.0", "@opentelemetry/otlp-transformer": "0.214.0", "@opentelemetry/resources": "2.6.1", "@opentelemetry/sdk-trace-base": "2.6.1" }, "peerDependencies": { "@opentelemetry/api": "^1.3.0" } }, "sha512-kIN8nTBMgV2hXzV/a20BCFilPZdAIMYYJGSgfMMRm/Xa+07y5hRDS2Vm12A/z8Cdu3Sq++ZvJfElokX2rkgGgw=="],

    "@opentelemetry/instrumentation": ["@opentelemetry/instrumentation@0.214.0", "", { "dependencies": { "@opentelemetry/api-logs": "0.214.0", "import-in-the-middle": "^3.0.0", "require-in-the-middle": "^8.0.0" }, "peerDependencies": { "@opentelemetry/api": "^1.3.0" } }, "sha512-MHqEX5Dk59cqVah5LiARMACku7jXSVk9iVDWOea4x3cr7VfdByeDCURK6o1lntT1JS/Tsovw01UJrBhN3/uC5w=="],

    "@opentelemetry/instrumentation-amqplib": ["@opentelemetry/instrumentation-amqplib@0.61.0", "", { "dependencies": { "@opentelemetry/core": "^2.0.0", "@opentelemetry/instrumentation": "^0.214.0", "@opentelemetry/semantic-conventions": "^1.33.0" }, "peerDependencies": { "@opentelemetry/api": "^1.3.0" } }, "sha512-mCKoyTGfRNisge4br0NpOFSy2Z1NnEW8hbCJdUDdJFHrPqVzc4IIBPA/vX0U+LUcQqrQvJX+HMIU0dbDRe0i0Q=="],

    "@opentelemetry/instrumentation-connect": ["@opentelemetry/instrumentation-connect@0.57.0", "", { "dependencies": { "@opentelemetry/core": "^2.0.0", "@opentelemetry/instrumentation": "^0.214.0", "@opentelemetry/semantic-conventions": "^1.27.0", "@types/connect": "3.4.38" }, "peerDependencies": { "@opentelemetry/api": "^1.3.0" } }, "sha512-FMEBChnI4FLN5TE9DHwfH7QpNir1JzXno1uz/TAucVdLCyrG0jTrKIcNHt/i30A0M2AunNBCkcd8Ei26dIPKdg=="],

    "@opentelemetry/instrumentation-dataloader": ["@opentelemetry/instrumentation-dataloader@0.31.0", "", { "dependencies": { "@opentelemetry/instrumentation": "^0.214.0" }, "peerDependencies": { "@opentelemetry/api": "^1.3.0" } }, "sha512-f654tZFQXS5YeLDNb9KySrwtg7SnqZN119FauD7acBoTzuLduaiGTNz88ixcVSOOMGZ+EjJu/RFtx5klObC95g=="],

    "@opentelemetry/instrumentation-express": ["@opentelemetry/instrumentation-express@0.62.0", "", { "dependencies": { "@opentelemetry/core": "^2.0.0", "@opentelemetry/instrumentation": "^0.214.0", "@opentelemetry/semantic-conventions": "^1.27.0" }, "peerDependencies": { "@opentelemetry/api": "^1.3.0" } }, "sha512-Tvx+vgAZKEQxU3Rx+xWLiR0mLxHwmk69/8ya04+VsV9WYh8w6Lhx5hm5yAMvo1wy0KqWgFKBLwSeo3sHCwdOww=="],

    "@opentelemetry/instrumentation-fs": ["@opentelemetry/instrumentation-fs@0.33.0", "", { "dependencies": { "@opentelemetry/core": "^2.0.0", "@opentelemetry/instrumentation": "^0.214.0" }, "peerDependencies": { "@opentelemetry/api": "^1.3.0" } }, "sha512-sCZWXGalQ01wr3tAhSR9ucqFJ0phidpAle6/17HVjD6gN8FLmZMK/8sKxdXYHy3PbnlV1P4zeiSVFNKpbFMNLA=="],

    "@opentelemetry/instrumentation-generic-pool": ["@opentelemetry/instrumentation-generic-pool@0.57.0", "", { "dependencies": { "@opentelemetry/instrumentation": "^0.214.0" }, "peerDependencies": { "@opentelemetry/api": "^1.3.0" } }, "sha512-orhmlaK+ZIW9hKU+nHTbXrCSXZcH83AescTqmpamHRobRmYSQwRbD0a1odc0yAzuzOtxYiHiXAnpnIpaSSY7Ow=="],

    "@opentelemetry/instrumentation-graphql": ["@opentelemetry/instrumentation-graphql@0.62.0", "", { "dependencies": { "@opentelemetry/instrumentation": "^0.214.0" }, "peerDependencies": { "@opentelemetry/api": "^1.3.0" } }, "sha512-3YNuLVPUxafXkH1jBAbGsKNsP3XVzcFDhCDCE3OqBwCwShlqQbLMRMFh1T/d5jaVZiGVmSsfof+ICKD2iOV8xg=="],

    "@opentelemetry/instrumentation-hapi": ["@opentelemetry/instrumentation-hapi@0.60.0", "", { "dependencies": { "@opentelemetry/core": "^2.0.0", "@opentelemetry/instrumentation": "^0.214.0", "@opentelemetry/semantic-conventions": "^1.27.0" }, "peerDependencies": { "@opentelemetry/api": "^1.3.0" } }, "sha512-aNljZKYrEa7obLAxd1bCEDxF7kzCLGXTuTJZ8lMR9rIVEjmuKBXN1gfqpm/OB//Zc2zP4iIve1jBp7sr3mQV6w=="],

    "@opentelemetry/instrumentation-http": ["@opentelemetry/instrumentation-http@0.214.0", "", { "dependencies": { "@opentelemetry/core": "2.6.1", "@opentelemetry/instrumentation": "0.214.0", "@opentelemetry/semantic-conventions": "^1.29.0", "forwarded-parse": "2.1.2" }, "peerDependencies": { "@opentelemetry/api": "^1.3.0" } }, "sha512-FlkDhZDRjDJDcO2LcSCtjRpkal1NJ8y0fBqBhTvfAR3JSYY2jAIj1kSS5IjmEBt4c3aWv+u/lqLuoCDrrKCSKg=="],

    "@opentelemetry/instrumentation-ioredis": ["@opentelemetry/instrumentation-ioredis@0.62.0", "", { "dependencies": { "@opentelemetry/instrumentation": "^0.214.0", "@opentelemetry/redis-common": "^0.38.2", "@opentelemetry/semantic-conventions": "^1.33.0" }, "peerDependencies": { "@opentelemetry/api": "^1.3.0" } }, "sha512-ZYt//zcPve8qklaZX+5Z4MkU7UpEkFRrxsf2cnaKYBitqDnsCN69CPAuuMOX6NYdW2rG9sFy7V/QWtBlP5XiNQ=="],

    "@opentelemetry/instrumentation-kafkajs": ["@opentelemetry/instrumentation-kafkajs@0.23.0", "", { "dependencies": { "@opentelemetry/instrumentation": "^0.214.0", "@opentelemetry/semantic-conventions": "^1.30.0" }, "peerDependencies": { "@opentelemetry/api": "^1.3.0" } }, "sha512-4K+nVo+zI+aDz0Z85SObwbdixIbzS9moIuKJaYsdlzcHYnKOPtB7ya8r8Ezivy/GVIBHiKJVq4tv+BEkgOMLaQ=="],

    "@opentelemetry/instrumentation-knex": ["@opentelemetry/instrumentation-knex@0.58.0", "", { "dependencies": { "@opentelemetry/instrumentation": "^0.214.0", "@opentelemetry/semantic-conventions": "^1.33.1" }, "peerDependencies": { "@opentelemetry/api": "^1.3.0" } }, "sha512-Hc/o8fSsaWxZ8r1Yw4rNDLwTpUopTf4X32y4W6UhlHmW8Wizz8wfhgOKIelSeqFVTKBBPIDUOsQWuIMxBmu8Bw=="],

    "@opentelemetry/instrumentation-koa": ["@opentelemetry/instrumentation-koa@0.62.0", "", { "dependencies": { "@opentelemetry/core": "^2.0.0", "@opentelemetry/instrumentation": "^0.214.0", "@opentelemetry/semantic-conventions": "^1.36.0" }, "peerDependencies": { "@opentelemetry/api": "^1.9.0" } }, "sha512-uVip0VuGUQXZ+vFxkKxAUNq8qNl+VFlyHDh/U6IQ8COOEDfbEchdaHnpFrMYF3psZRUuoSIgb7xOeXj00RdwDA=="],

    "@opentelemetry/instrumentation-lru-memoizer": ["@opentelemetry/instrumentation-lru-memoizer@0.58.0", "", { "dependencies": { "@opentelemetry/instrumentation": "^0.214.0" }, "peerDependencies": { "@opentelemetry/api": "^1.3.0" } }, "sha512-6grM3TdMyHzlGY1cUA+mwoPueB1F3dYKgKtZIH6jOFXqfHAByyLTc+6PFjGM9tKh52CFBJaDwodNlL/Td39z7Q=="],

    "@opentelemetry/instrumentation-mongodb": ["@opentelemetry/instrumentation-mongodb@0.67.0", "", { "dependencies": { "@opentelemetry/instrumentation": "^0.214.0", "@opentelemetry/semantic-conventions": "^1.33.0" }, "peerDependencies": { "@opentelemetry/api": "^1.3.0" } }, "sha512-1WJp5N1lYfHq2IhECOTewFs5Tf2NfUOwQRqs/rZdXKTezArMlucxgzAaqcgp3A3YREXopXTpXHsxZTGHjNhMdQ=="],

    "@opentelemetry/instrumentation-mongoose": ["@opentelemetry/instrumentation-mongoose@0.60.0", "", { "dependencies": { "@opentelemetry/core": "^2.0.0", "@opentelemetry/instrumentation": "^0.214.0", "@opentelemetry/semantic-conventions": "^1.33.0" }, "peerDependencies": { "@opentelemetry/api": "^1.3.0" } }, "sha512-8BahAZpKsOoc+lrZGb7Ofn4g3z8qtp5IxDfvAVpKXsEheQN7ONMH5djT5ihy6yf8yyeQJGS0gXFfpEAEeEHqQg=="],

    "@opentelemetry/instrumentation-mysql": ["@opentelemetry/instrumentation-mysql@0.60.0", "", { "dependencies": { "@opentelemetry/instrumentation": "^0.214.0", "@opentelemetry/semantic-conventions": "^1.33.0", "@types/mysql": "2.15.27" }, "peerDependencies": { "@opentelemetry/api": "^1.3.0" } }, "sha512-08pO8GFPEIz2zquKDGteBZDNmwketdgH8hTe9rVYgW9kCJXq1Psj3wPQGx+VaX4ZJKCfPeoLMYup9+cxHvZyVQ=="],

    "@opentelemetry/instrumentation-mysql2": ["@opentelemetry/instrumentation-mysql2@0.60.0", "", { "dependencies": { "@opentelemetry/instrumentation": "^0.214.0", "@opentelemetry/semantic-conventions": "^1.33.0", "@opentelemetry/sql-common": "^0.41.2" }, "peerDependencies": { "@opentelemetry/api": "^1.3.0" } }, "sha512-m/5d3bxQALllCzezYDk/6vajh0tj5OijMMvOZGr+qN1NMXm1dzMNwyJ0gNZW7Fo3YFRyj/jJMxIw+W7d525dlw=="],

    "@opentelemetry/instrumentation-pg": ["@opentelemetry/instrumentation-pg@0.66.0", "", { "dependencies": { "@opentelemetry/core": "^2.0.0", "@opentelemetry/instrumentation": "^0.214.0", "@opentelemetry/semantic-conventions": "^1.34.0", "@opentelemetry/sql-common": "^0.41.2", "@types/pg": "8.15.6", "@types/pg-pool": "2.0.7" }, "peerDependencies": { "@opentelemetry/api": "^1.3.0" } }, "sha512-KxfLGXBb7k2ueaPJfq2GXBDXBly8P+SpR/4Mj410hhNgmQF3sCqwXvUBQxZQkDAmsdBAoenM+yV1LhtsMRamcA=="],

    "@opentelemetry/instrumentation-redis": ["@opentelemetry/instrumentation-redis@0.62.0", "", { "dependencies": { "@opentelemetry/instrumentation": "^0.214.0", "@opentelemetry/redis-common": "^0.38.2", "@opentelemetry/semantic-conventions": "^1.27.0" }, "peerDependencies": { "@opentelemetry/api": "^1.3.0" } }, "sha512-y3pPpot7WzR/8JtHcYlTYsyY8g+pbFhAqbwAuG5bLPnR6v6pt1rQc0DpH0OlGP/9CZbWBP+Zhwp9yFoygf/ZXQ=="],

    "@opentelemetry/instrumentation-tedious": ["@opentelemetry/instrumentation-tedious@0.33.0", "", { "dependencies": { "@opentelemetry/instrumentation": "^0.214.0", "@opentelemetry/semantic-conventions": "^1.33.0", "@types/tedious": "^4.0.14" }, "peerDependencies": { "@opentelemetry/api": "^1.3.0" } }, "sha512-Q6WQwAD01MMTub31GlejoiFACYNw26J426wyjvU7by7fDIr2nZXNW4vhTGs7i7F0TnXBO3xN688g1tdUgYwJ5w=="],

    "@opentelemetry/instrumentation-undici": ["@opentelemetry/instrumentation-undici@0.24.0", "", { "dependencies": { "@opentelemetry/core": "^2.0.0", "@opentelemetry/instrumentation": "^0.214.0", "@opentelemetry/semantic-conventions": "^1.24.0" }, "peerDependencies": { "@opentelemetry/api": "^1.7.0" } }, "sha512-oKzZ3uvqP17sV0EsoQcJgjEfIp0kiZRbYu/eD8p13Cbahumf8lb/xpYeNr/hfAJ4owzEtIDcGIjprfLcYbIKBQ=="],

    "@opentelemetry/otlp-exporter-base": ["@opentelemetry/otlp-exporter-base@0.214.0", "", { "dependencies": { "@opentelemetry/core": "2.6.1", "@opentelemetry/otlp-transformer": "0.214.0" }, "peerDependencies": { "@opentelemetry/api": "^1.3.0" } }, "sha512-u1Gdv0/E9wP+apqWf7Wv2npXmgJtxsW2XL0TEv9FZloTZRuMBKmu8cYVXwS4Hm3q/f/3FuCnPTgiwYvIqRSpRg=="],

    "@opentelemetry/otlp-transformer": ["@opentelemetry/otlp-transformer@0.214.0", "", { "dependencies": { "@opentelemetry/api-logs": "0.214.0", "@opentelemetry/core": "2.6.1", "@opentelemetry/resources": "2.6.1", "@opentelemetry/sdk-logs": "0.214.0", "@opentelemetry/sdk-metrics": "2.6.1", "@opentelemetry/sdk-trace-base": "2.6.1", "protobufjs": "^7.0.0" }, "peerDependencies": { "@opentelemetry/api": "^1.3.0" } }, "sha512-DSaYcuBRh6uozfsWN3R8HsN0yDhCuWP7tOFdkUOVaWD1KVJg8m4qiLUsg/tNhTLS9HUYUcwNpwL2eroLtsZZ/w=="],

    "@opentelemetry/redis-common": ["@opentelemetry/redis-common@0.38.2", "", {}, "sha512-1BCcU93iwSRZvDAgwUxC/DV4T/406SkMfxGqu5ojc3AvNI+I9GhV7v0J1HljsczuuhcnFLYqD5VmwVXfCGHzxA=="],

    "@opentelemetry/resources": ["@opentelemetry/resources@2.6.1", "", { "dependencies": { "@opentelemetry/core": "2.6.1", "@opentelemetry/semantic-conventions": "^1.29.0" }, "peerDependencies": { "@opentelemetry/api": ">=1.3.0 <1.10.0" } }, "sha512-lID/vxSuKWXM55XhAKNoYXu9Cutoq5hFdkbTdI/zDKQktXzcWBVhNsOkiZFTMU9UtEWuGRNe0HUgmsFldIdxVA=="],

    "@opentelemetry/sdk-logs": ["@opentelemetry/sdk-logs@0.214.0", "", { "dependencies": { "@opentelemetry/api-logs": "0.214.0", "@opentelemetry/core": "2.6.1", "@opentelemetry/resources": "2.6.1", "@opentelemetry/semantic-conventions": "^1.29.0" }, "peerDependencies": { "@opentelemetry/api": ">=1.4.0 <1.10.0" } }, "sha512-zf6acnScjhsaBUU22zXZ/sLWim1dfhUAbGXdMmHmNG3LfBnQ3DKsOCITb2IZwoUsNNMTogqFKBnlIPPftUgGwA=="],

    "@opentelemetry/sdk-metrics": ["@opentelemetry/sdk-metrics@2.6.1", "", { "dependencies": { "@opentelemetry/core": "2.6.1", "@opentelemetry/resources": "2.6.1" }, "peerDependencies": { "@opentelemetry/api": ">=1.9.0 <1.10.0" } }, "sha512-9t9hJHX15meBy2NmTJxL+NJfXmnausR2xUDvE19XQce0Qi/GBtDGamU8nS1RMbdgDmhgpm3VaOu2+fiS/SfTpQ=="],

    "@opentelemetry/sdk-trace-base": ["@opentelemetry/sdk-trace-base@2.6.1", "", { "dependencies": { "@opentelemetry/core": "2.6.1", "@opentelemetry/resources": "2.6.1", "@opentelemetry/semantic-conventions": "^1.29.0" }, "peerDependencies": { "@opentelemetry/api": ">=1.3.0 <1.10.0" } }, "sha512-r86ut4T1e8vNwB35CqCcKd45yzqH6/6Wzvpk2/cZB8PsPLlZFTvrh8yfOS3CYZYcUmAx4hHTZJ8AO8Dj8nrdhw=="],

    "@opentelemetry/sdk-trace-node": ["@opentelemetry/sdk-trace-node@2.6.1", "", { "dependencies": { "@opentelemetry/context-async-hooks": "2.6.1", "@opentelemetry/core": "2.6.1", "@opentelemetry/sdk-trace-base": "2.6.1" }, "peerDependencies": { "@opentelemetry/api": ">=1.0.0 <1.10.0" } }, "sha512-Hh2i4FwHWRFhnO2Q/p6svMxy8MPsNCG0uuzUY3glqm0rwM0nQvbTO1dXSp9OqQoTKXcQzaz9q1f65fsurmOhNw=="],

    "@opentelemetry/semantic-conventions": ["@opentelemetry/semantic-conventions@1.40.0", "", {}, "sha512-cifvXDhcqMwwTlTK04GBNeIe7yyo28Mfby85QXFe1Yk8nmi36Ab/5UQwptOx84SsoGNRg+EVSjwzfSZMy6pmlw=="],

    "@opentelemetry/sql-common": ["@opentelemetry/sql-common@0.41.2", "", { "dependencies": { "@opentelemetry/core": "^2.0.0" }, "peerDependencies": { "@opentelemetry/api": "^1.1.0" } }, "sha512-4mhWm3Z8z+i508zQJ7r6Xi7y4mmoJpdvH0fZPFRkWrdp5fq7hhZ2HhYokEOLkfqSMgPR4Z9EyB3DBkbKGOqZiQ=="],

    "@pinojs/redact": ["@pinojs/redact@0.4.0", "", {}, "sha512-k2ENnmBugE/rzQfEcdWHcCY+/FM3VLzH9cYEsbdsoqrvzAKRhUZeRNhAZvB8OitQJ1TBed3yqWtdjzS6wJKBwg=="],

    "@prisma/instrumentation": ["@prisma/instrumentation@7.6.0", "", { "dependencies": { "@opentelemetry/instrumentation": "^0.207.0" }, "peerDependencies": { "@opentelemetry/api": "^1.8" } }, "sha512-ZPW2gRiwpPzEfgeZgaekhqXrbW+Y2RJKHVqUmlhZhKzRNCcvR6DykzylDrynpArKKRQtLxoZy36fK7U0p3pdgQ=="],

    "@protobufjs/aspromise": ["@protobufjs/aspromise@1.1.2", "", {}, "sha512-j+gKExEuLmKwvz3OgROXtrJ2UG2x8Ch2YZUxahh+s1F2HZ+wAceUNLkvy6zKCPVRkU++ZWQrdxsUeQXmcg4uoQ=="],

    "@protobufjs/base64": ["@protobufjs/base64@1.1.2", "", {}, "sha512-AZkcAA5vnN/v4PDqKyMR5lx7hZttPDgClv83E//FMNhR2TMcLUhfRUBHCmSl0oi9zMgDDqRUJkSxO3wm85+XLg=="],

    "@protobufjs/codegen": ["@protobufjs/codegen@2.0.4", "", {}, "sha512-YyFaikqM5sH0ziFZCN3xDC7zeGaB/d0IUb9CATugHWbd1FRFwWwt4ld4OYMPWu5a3Xe01mGAULCdqhMlPl29Jg=="],

    "@protobufjs/eventemitter": ["@protobufjs/eventemitter@1.1.0", "", {}, "sha512-j9ednRT81vYJ9OfVuXG6ERSTdEL1xVsNgqpkxMsbIabzSo3goCjDIveeGv5d03om39ML71RdmrGNjG5SReBP/Q=="],

    "@protobufjs/fetch": ["@protobufjs/fetch@1.1.0", "", { "dependencies": { "@protobufjs/aspromise": "^1.1.1", "@protobufjs/inquire": "^1.1.0" } }, "sha512-lljVXpqXebpsijW71PZaCYeIcE5on1w5DlQy5WH6GLbFryLUrBD4932W/E2BSpfRJWseIL4v/KPgBFxDOIdKpQ=="],

    "@protobufjs/float": ["@protobufjs/float@1.0.2", "", {}, "sha512-Ddb+kVXlXst9d+R9PfTIxh1EdNkgoRe5tOX6t01f1lYWOvJnSPDBlG241QLzcyPdoNTsblLUdujGSE4RzrTZGQ=="],

    "@protobufjs/inquire": ["@protobufjs/inquire@1.1.0", "", {}, "sha512-kdSefcPdruJiFMVSbn801t4vFK7KB/5gd2fYvrxhuJYg8ILrmn9SKSX2tZdV6V+ksulWqS7aXjBcRXl3wHoD9Q=="],

    "@protobufjs/path": ["@protobufjs/path@1.1.2", "", {}, "sha512-6JOcJ5Tm08dOHAbdR3GrvP+yUUfkjG5ePsHYczMFLq3ZmMkAD98cDgcT2iA1lJ9NVwFd4tH/iSSoe44YWkltEA=="],

    "@protobufjs/pool": ["@protobufjs/pool@1.1.0", "", {}, "sha512-0kELaGSIDBKvcgS4zkjz1PeddatrjYcmMWOlAuAPwAeccUrPHdUqo/J6LiymHHEiJT5NrF1UVwxY14f+fy4WQw=="],

    "@protobufjs/utf8": ["@protobufjs/utf8@1.1.0", "", {}, "sha512-Vvn3zZrhQZkkBE8LSuW3em98c0FwgO4nxzv6OdSxPKJIEKY2bGbHn+mhGIPerzI4twdxaP8/0+06HBpwf345Lw=="],

    "@sapphire/async-queue": ["@sapphire/async-queue@1.5.5", "", {}, "sha512-cvGzxbba6sav2zZkH8GPf2oGk9yYoD5qrNWdu9fRehifgnFZJMV+nuy2nON2roRO4yQQ+v7MK/Pktl/HgfsUXg=="],

    "@sapphire/shapeshift": ["@sapphire/shapeshift@4.0.0", "", { "dependencies": { "fast-deep-equal": "^3.1.3", "lodash": "^4.17.21" } }, "sha512-d9dUmWVA7MMiKobL3VpLF8P2aeanRTu6ypG2OIaEv/ZHH/SUQ2iHOVyi5wAPjQ+HmnMuL0whK9ez8I/raWbtIg=="],

    "@sapphire/snowflake": ["@sapphire/snowflake@3.5.3", "", {}, "sha512-jjmJywLAFoWeBi1W7994zZyiNWPIiqRRNAmSERxyg93xRGzNYvGjlZ0gR6x0F4gPRi2+0O6S71kOZYyr3cxaIQ=="],

    "@sentry/core": ["@sentry/core@10.47.0", "", {}, "sha512-nsYRAx3EWezDut+Zl+UwwP07thh9uY7CfSAi2whTdcJl5hu1nSp2z8bba7Vq/MGbNLnazkd3A+GITBEML924JA=="],

    "@sentry/node": ["@sentry/node@10.47.0", "", { "dependencies": { "@fastify/otel": "0.18.0", "@opentelemetry/api": "^1.9.1", "@opentelemetry/context-async-hooks": "^2.6.1", "@opentelemetry/core": "^2.6.1", "@opentelemetry/instrumentation": "^0.214.0", "@opentelemetry/instrumentation-amqplib": "0.61.0", "@opentelemetry/instrumentation-connect": "0.57.0", "@opentelemetry/instrumentation-dataloader": "0.31.0", "@opentelemetry/instrumentation-express": "0.62.0", "@opentelemetry/instrumentation-fs": "0.33.0", "@opentelemetry/instrumentation-generic-pool": "0.57.0", "@opentelemetry/instrumentation-graphql": "0.62.0", "@opentelemetry/instrumentation-hapi": "0.60.0", "@opentelemetry/instrumentation-http": "0.214.0", "@opentelemetry/instrumentation-ioredis": "0.62.0", "@opentelemetry/instrumentation-kafkajs": "0.23.0", "@opentelemetry/instrumentation-knex": "0.58.0", "@opentelemetry/instrumentation-koa": "0.62.0", "@opentelemetry/instrumentation-lru-memoizer": "0.58.0", "@opentelemetry/instrumentation-mongodb": "0.67.0", "@opentelemetry/instrumentation-mongoose": "0.60.0", "@opentelemetry/instrumentation-mysql": "0.60.0", "@opentelemetry/instrumentation-mysql2": "0.60.0", "@opentelemetry/instrumentation-pg": "0.66.0", "@opentelemetry/instrumentation-redis": "0.62.0", "@opentelemetry/instrumentation-tedious": "0.33.0", "@opentelemetry/instrumentation-undici": "0.24.0", "@opentelemetry/resources": "^2.6.1", "@opentelemetry/sdk-trace-base": "^2.6.1", "@opentelemetry/semantic-conventions": "^1.40.0", "@prisma/instrumentation": "7.6.0", "@sentry/core": "10.47.0", "@sentry/node-core": "10.47.0", "@sentry/opentelemetry": "10.47.0", "import-in-the-middle": "^3.0.0" } }, "sha512-R+btqPepv88o635G6HtVewLjqCLUedBg5HBs7Nq1qbbKvyti01uArUF2f+3DsLenk5B9LUNiRlE+frZA44Ahmw=="],

    "@sentry/node-core": ["@sentry/node-core@10.47.0", "", { "dependencies": { "@sentry/core": "10.47.0", "@sentry/opentelemetry": "10.47.0", "import-in-the-middle": "^3.0.0" }, "peerDependencies": { "@opentelemetry/api": "^1.9.0", "@opentelemetry/context-async-hooks": "^1.30.1 || ^2.1.0", "@opentelemetry/core": "^1.30.1 || ^2.1.0", "@opentelemetry/exporter-trace-otlp-http": ">=0.57.0 <1", "@opentelemetry/instrumentation": ">=0.57.1 <1", "@opentelemetry/resources": "^1.30.1 || ^2.1.0", "@opentelemetry/sdk-trace-base": "^1.30.1 || ^2.1.0", "@opentelemetry/semantic-conventions": "^1.39.0" }, "optionalPeers": ["@opentelemetry/api", "@opentelemetry/context-async-hooks", "@opentelemetry/core", "@opentelemetry/exporter-trace-otlp-http", "@opentelemetry/instrumentation", "@opentelemetry/resources", "@opentelemetry/sdk-trace-base", "@opentelemetry/semantic-conventions"] }, "sha512-qv6LsqHbkQmd0aQEUox/svRSz26J+l4gGjFOUNEay2armZu9XLD+Ct89jpFgZD5oIPNAj2jraodTRqydXiwS5w=="],

    "@sentry/opentelemetry": ["@sentry/opentelemetry@10.47.0", "", { "dependencies": { "@sentry/core": "10.47.0" }, "peerDependencies": { "@opentelemetry/api": "^1.9.0", "@opentelemetry/context-async-hooks": "^1.30.1 || ^2.1.0", "@opentelemetry/core": "^1.30.1 || ^2.1.0", "@opentelemetry/sdk-trace-base": "^1.30.1 || ^2.1.0", "@opentelemetry/semantic-conventions": "^1.39.0" } }, "sha512-f6Hw2lrpCjlOksiosP0Z2jK/+l+21SIdoNglVeG/sttMyx8C8ywONKh0Ha50sFsvB1VaB8n94RKzzf3hkh9V3g=="],

    "@types/bun": ["@types/bun@1.3.11", "", { "dependencies": { "bun-types": "1.3.11" } }, "sha512-5vPne5QvtpjGpsGYXiFyycfpDF2ECyPcTSsFBMa0fraoxiQyMJ3SmuQIGhzPg2WJuWxVBoxWJ2kClYTcw/4fAg=="],

    "@types/connect": ["@types/connect@3.4.38", "", { "dependencies": { "@types/node": "*" } }, "sha512-K6uROf1LD88uDQqJCktA4yzL1YYAK6NgfsI0v/mTgyPKWsX1CnJ0XPSDhViejru1GcRkLWb8RlzFYJRqGUbaug=="],

    "@types/mysql": ["@types/mysql@2.15.27", "", { "dependencies": { "@types/node": "*" } }, "sha512-YfWiV16IY0OeBfBCk8+hXKmdTKrKlwKN1MNKAPBu5JYxLwBEZl7QzeEpGnlZb3VMGJrrGmB84gXiH+ofs/TezA=="],

    "@types/node": ["@types/node@25.5.2", "", { "dependencies": { "undici-types": "~7.18.0" } }, "sha512-tO4ZIRKNC+MDWV4qKVZe3Ql/woTnmHDr5JD8UI5hn2pwBrHEwOEMZK7WlNb5RKB6EoJ02gwmQS9OrjuFnZYdpg=="],

    "@types/pg": ["@types/pg@8.15.6", "", { "dependencies": { "@types/node": "*", "pg-protocol": "*", "pg-types": "^2.2.0" } }, "sha512-NoaMtzhxOrubeL/7UZuNTrejB4MPAJ0RpxZqXQf2qXuVlTPuG6Y8p4u9dKRaue4yjmC7ZhzVO2/Yyyn25znrPQ=="],

    "@types/pg-pool": ["@types/pg-pool@2.0.7", "", { "dependencies": { "@types/pg": "*" } }, "sha512-U4CwmGVQcbEuqpyju8/ptOKg6gEC+Tqsvj2xS9o1g71bUh8twxnC6ZL5rZKCsGN0iyH0CwgUyc9VR5owNQF9Ng=="],

    "@types/tedious": ["@types/tedious@4.0.14", "", { "dependencies": { "@types/node": "*" } }, "sha512-KHPsfX/FoVbUGbyYvk1q9MMQHLPeRZhRJZdO45Q4YjvFkv4hMNghCWTvy7rdKessBsmtz4euWCWAB6/tVpI1Iw=="],

    "@types/ws": ["@types/ws@8.18.1", "", { "dependencies": { "@types/node": "*" } }, "sha512-ThVF6DCVhA8kUGy+aazFQ4kXQ7E1Ty7A3ypFOe0IcJV8O/M511G99AW24irKrW56Wt44yG9+ij8FaqoBGkuBXg=="],

    "@vladfrangu/async_event_emitter": ["@vladfrangu/async_event_emitter@2.4.7", "", {}, "sha512-Xfe6rpCTxSxfbswi/W/Pz7zp1WWSNn4A0eW4mLkQUewCrXXtMj31lCg+iQyTkh/CkusZSq9eDflu7tjEDXUY6g=="],

    "acorn": ["acorn@8.16.0", "", { "bin": { "acorn": "bin/acorn" } }, "sha512-UVJyE9MttOsBQIDKw1skb9nAwQuR5wuGD3+82K6JgJlm/Y+KI92oNsMNGZCYdDsVtRHSak0pcV5Dno5+4jh9sw=="],

    "acorn-import-attributes": ["acorn-import-attributes@1.9.5", "", { "peerDependencies": { "acorn": "^8" } }, "sha512-n02Vykv5uA3eHGM/Z2dQrcD56kL8TyDb2p1+0P83PClMnC/nc+anbQRhIOWnSq4Ke/KvDPrY3C9hDtC/A3eHnQ=="],

    "atomic-sleep": ["atomic-sleep@1.0.0", "", {}, "sha512-kNOjDqAh7px0XWNI+4QbzoiR/nTkHAWNud2uvnJquD1/x5a7EQZMJT0AczqK0Qn67oY/TTQ1LbUKajZpp3I9tQ=="],

    "balanced-match": ["balanced-match@4.0.4", "", {}, "sha512-BLrgEcRTwX2o6gGxGOCNyMvGSp35YofuYzw9h1IMTRmKqttAZZVU67bdb9Pr2vUHA8+j3i2tJfjO6C6+4myGTA=="],

    "brace-expansion": ["brace-expansion@5.0.5", "", { "dependencies": { "balanced-match": "^4.0.2" } }, "sha512-VZznLgtwhn+Mact9tfiwx64fA9erHH/MCXEUfB/0bX/6Fz6ny5EGTXYltMocqg4xFAQZtnO3DHWWXi8RiuN7cQ=="],

    "bun-types": ["bun-types@1.3.11", "", { "dependencies": { "@types/node": "*" } }, "sha512-1KGPpoxQWl9f6wcZh57LvrPIInQMn2TQ7jsgxqpRzg+l0QPOFvJVH7HmvHo/AiPgwXy+/Thf6Ov3EdVn1vOabg=="],

    "cjs-module-lexer": ["cjs-module-lexer@2.2.0", "", {}, "sha512-4bHTS2YuzUvtoLjdy+98ykbNB5jS0+07EvFNXerqZQJ89F7DI6ET7OQo/HJuW6K0aVsKA9hj9/RVb2kQVOrPDQ=="],

    "colorette": ["colorette@2.0.20", "", {}, "sha512-IfEDxwoWIjkeXL1eXcDiow4UbKjhLdq6/EuSVR9GMN7KVH3r9gQ83e73hsz1Nd1T3ijd5xv1wcWRYO+D6kCI2w=="],

    "dateformat": ["dateformat@4.6.3", "", {}, "sha512-2P0p0pFGzHS5EMnhdxQi7aJN+iMheud0UhG4dlE1DLAlvL8JHjJJTX/CSm4JXwV0Ka5nGk3zC5mcb5bUQUxxMA=="],

    "debug": ["debug@4.4.3", "", { "dependencies": { "ms": "^2.1.3" } }, "sha512-RGwwWnwQvkVfavKVt22FGLw+xYSdzARwm0ru6DhTVA3umU5hZc28V3kO4stgYryrTlLpuvgI9GiijltAjNbcqA=="],

    "discord-api-types": ["discord-api-types@0.38.44", "", {}, "sha512-q91MgBzP/gRaCLIbQTaOrOhbD8uVIaPKxpgX2sfFB2nZ9nSiTYM9P3NFQ7cbO6NCxctI6ODttc67MI+YhIfILg=="],

    "discord.js": ["discord.js@14.26.0", "", { "dependencies": { "@discordjs/builders": "^1.14.0", "@discordjs/collection": "1.5.3", "@discordjs/formatters": "^0.6.2", "@discordjs/rest": "^2.6.1", "@discordjs/util": "^1.2.0", "@discordjs/ws": "^1.2.3", "@sapphire/snowflake": "3.5.3", "discord-api-types": "^0.38.40", "fast-deep-equal": "3.1.3", "lodash.snakecase": "4.1.1", "magic-bytes.js": "^1.13.0", "tslib": "^2.6.3", "undici": "6.24.1" } }, "sha512-I+5dmdg7WnjIOEXspX6mJ4jLgblhZV6QpQcC3U2JjrFWnHCKDpoLkhV46SBP8k9QePs3YWJOvndVutUARRO0AQ=="],

    "end-of-stream": ["end-of-stream@1.4.5", "", { "dependencies": { "once": "^1.4.0" } }, "sha512-ooEGc6HP26xXq/N+GCGOT0JKCLDGrq2bQUZrQ7gyrJiZANJ/8YDTxTpQBXGMn+WbIQXNVpyWymm7KYVICQnyOg=="],

    "fast-copy": ["fast-copy@4.0.2", "", {}, "sha512-ybA6PDXIXOXivLJK/z9e+Otk7ve13I4ckBvGO5I2RRmBU1gMHLVDJYEuJYhGwez7YNlYji2M2DvVU+a9mSFDlw=="],

    "fast-deep-equal": ["fast-deep-equal@3.1.3", "", {}, "sha512-f3qQ9oQy9j2AhBe/H9VC91wLmKBCCU/gDOnKNAYG5hswO7BLKj09Hc5HYNz9cGI++xlpDCIgDaitVs03ATR84Q=="],

    "fast-safe-stringify": ["fast-safe-stringify@2.1.1", "", {}, "sha512-W+KJc2dmILlPplD/H4K9l9LcAHAfPtP6BY84uVLXQ6Evcz9Lcg33Y2z1IVblT6xdY54PXYVHEv+0Wpq8Io6zkA=="],

    "forwarded-parse": ["forwarded-parse@2.1.2", "", {}, "sha512-alTFZZQDKMporBH77856pXgzhEzaUVmLCDk+egLgIgHst3Tpndzz8MnKe+GzRJRfvVdn69HhpW7cmXzvtLvJAw=="],

    "help-me": ["help-me@5.0.0", "", {}, "sha512-7xgomUX6ADmcYzFik0HzAxh/73YlKR9bmFzf51CZwR+b6YtzU2m0u49hQCqV6SvlqIqsaxovfwdvbnsw3b/zpg=="],

    "import-in-the-middle": ["import-in-the-middle@3.0.0", "", { "dependencies": { "acorn": "^8.15.0", "acorn-import-attributes": "^1.9.5", "cjs-module-lexer": "^2.2.0", "module-details-from-path": "^1.0.4" } }, "sha512-OnGy+eYT7wVejH2XWgLRgbmzujhhVIATQH0ztIeRilwHBjTeG3pD+XnH3PKX0r9gJ0BuJmJ68q/oh9qgXnNDQg=="],

    "joycon": ["joycon@3.1.1", "", {}, "sha512-34wB/Y7MW7bzjKRjUKTa46I2Z7eV62Rkhva+KkopW7Qvv/OSWBqvkSY7vusOPrNuZcUG3tApvdVgNB8POj3SPw=="],

    "lodash": ["lodash@4.18.1", "", {}, "sha512-dMInicTPVE8d1e5otfwmmjlxkZoUpiVLwyeTdUsi/Caj/gfzzblBcCE5sRHV/AsjuCmxWrte2TNGSYuCeCq+0Q=="],

    "lodash.snakecase": ["lodash.snakecase@4.1.1", "", {}, "sha512-QZ1d4xoBHYUeuouhEq3lk3Uq7ldgyFXGBhg04+oRLnIz8o9T65Eh+8YdroUwn846zchkA9yDsDl5CVVaV2nqYw=="],

    "long": ["long@5.3.2", "", {}, "sha512-mNAgZ1GmyNhD7AuqnTG3/VQ26o760+ZYBPKjPvugO8+nLbYfX6TVpJPseBvopbdY+qpZ/lKUnmEc1LeZYS3QAA=="],

    "magic-bytes.js": ["magic-bytes.js@1.13.0", "", {}, "sha512-afO2mnxW7GDTXMm5/AoN1WuOcdoKhtgXjIvHmobqTD1grNplhGdv3PFOyjCVmrnOZBIT/gD/koDKpYG+0mvHcg=="],

    "minimatch": ["minimatch@10.2.5", "", { "dependencies": { "brace-expansion": "^5.0.5" } }, "sha512-MULkVLfKGYDFYejP07QOurDLLQpcjk7Fw+7jXS2R2czRQzR56yHRveU5NDJEOviH+hETZKSkIk5c+T23GjFUMg=="],

    "minimist": ["minimist@1.2.8", "", {}, "sha512-2yyAR8qBkN3YuheJanUpWC5U3bb5osDywNB8RzDVlDwDHbocAJveqqj1u8+SVD7jkWT4yvsHCpWqqWqAxb0zCA=="],

    "module-details-from-path": ["module-details-from-path@1.0.4", "", {}, "sha512-EGWKgxALGMgzvxYF1UyGTy0HXX/2vHLkw6+NvDKW2jypWbHpjQuj4UMcqQWXHERJhVGKikolT06G3bcKe4fi7w=="],

    "ms": ["ms@2.1.3", "", {}, "sha512-6FlzubTLZG3J2a/NVCAleEhjzq5oxgHyaCU9yYXvcLsvoVaHJq/s5xXI6/XXP6tz7R9xAOtHnSO/tXtF3WRTlA=="],

    "on-exit-leak-free": ["on-exit-leak-free@2.1.2", "", {}, "sha512-0eJJY6hXLGf1udHwfNftBqH+g73EU4B504nZeKpz1sYRKafAghwxEJunB2O7rDZkL4PGfsMVnTXZ2EjibbqcsA=="],

    "once": ["once@1.4.0", "", { "dependencies": { "wrappy": "1" } }, "sha512-lNaJgI+2Q5URQBkccEKHTQOPaXdUxnZZElQTZY0MFUAuaEqe1E+Nyvgdz/aIyNi6Z9MzO5dv1H8n58/GELp3+w=="],

    "pg-int8": ["pg-int8@1.0.1", "", {}, "sha512-WCtabS6t3c8SkpDBUlb1kjOs7l66xsGdKpIPZsg4wR+B3+u9UAum2odSsF9tnvxg80h4ZxLWMy4pRjOsFIqQpw=="],

    "pg-protocol": ["pg-protocol@1.13.0", "", {}, "sha512-zzdvXfS6v89r6v7OcFCHfHlyG/wvry1ALxZo4LqgUoy7W9xhBDMaqOuMiF3qEV45VqsN6rdlcehHrfDtlCPc8w=="],

    "pg-types": ["pg-types@2.2.0", "", { "dependencies": { "pg-int8": "1.0.1", "postgres-array": "~2.0.0", "postgres-bytea": "~1.0.0", "postgres-date": "~1.0.4", "postgres-interval": "^1.1.0" } }, "sha512-qTAAlrEsl8s4OiEQY69wDvcMIdQN6wdz5ojQiOy6YRMuynxenON0O5oCpJI6lshc6scgAY8qvJ2On/p+CXY0GA=="],

    "pino": ["pino@10.3.1", "", { "dependencies": { "@pinojs/redact": "^0.4.0", "atomic-sleep": "^1.0.0", "on-exit-leak-free": "^2.1.0", "pino-abstract-transport": "^3.0.0", "pino-std-serializers": "^7.0.0", "process-warning": "^5.0.0", "quick-format-unescaped": "^4.0.3", "real-require": "^0.2.0", "safe-stable-stringify": "^2.3.1", "sonic-boom": "^4.0.1", "thread-stream": "^4.0.0" }, "bin": { "pino": "bin.js" } }, "sha512-r34yH/GlQpKZbU1BvFFqOjhISRo1MNx1tWYsYvmj6KIRHSPMT2+yHOEb1SG6NMvRoHRF0a07kCOox/9yakl1vg=="],

    "pino-abstract-transport": ["pino-abstract-transport@3.0.0", "", { "dependencies": { "split2": "^4.0.0" } }, "sha512-wlfUczU+n7Hy/Ha5j9a/gZNy7We5+cXp8YL+X+PG8S0KXxw7n/JXA3c46Y0zQznIJ83URJiwy7Lh56WLokNuxg=="],

    "pino-pretty": ["pino-pretty@13.1.3", "", { "dependencies": { "colorette": "^2.0.7", "dateformat": "^4.6.3", "fast-copy": "^4.0.0", "fast-safe-stringify": "^2.1.1", "help-me": "^5.0.0", "joycon": "^3.1.1", "minimist": "^1.2.6", "on-exit-leak-free": "^2.1.0", "pino-abstract-transport": "^3.0.0", "pump": "^3.0.0", "secure-json-parse": "^4.0.0", "sonic-boom": "^4.0.1", "strip-json-comments": "^5.0.2" }, "bin": { "pino-pretty": "bin.js" } }, "sha512-ttXRkkOz6WWC95KeY9+xxWL6AtImwbyMHrL1mSwqwW9u+vLp/WIElvHvCSDg0xO/Dzrggz1zv3rN5ovTRVowKg=="],

    "pino-std-serializers": ["pino-std-serializers@7.1.0", "", {}, "sha512-BndPH67/JxGExRgiX1dX0w1FvZck5Wa4aal9198SrRhZjH3GxKQUKIBnYJTdj2HDN3UQAS06HlfcSbQj2OHmaw=="],

    "postgres-array": ["postgres-array@2.0.0", "", {}, "sha512-VpZrUqU5A69eQyW2c5CA1jtLecCsN2U/bD6VilrFDWq5+5UIEVO7nazS3TEcHf1zuPYO/sqGvUvW62g86RXZuA=="],

    "postgres-bytea": ["postgres-bytea@1.0.1", "", {}, "sha512-5+5HqXnsZPE65IJZSMkZtURARZelel2oXUEO8rH83VS/hxH5vv1uHquPg5wZs8yMAfdv971IU+kcPUczi7NVBQ=="],

    "postgres-date": ["postgres-date@1.0.7", "", {}, "sha512-suDmjLVQg78nMK2UZ454hAG+OAW+HQPZ6n++TNDUX+L0+uUlLywnoxJKDou51Zm+zTCjrCl0Nq6J9C5hP9vK/Q=="],

    "postgres-interval": ["postgres-interval@1.2.0", "", { "dependencies": { "xtend": "^4.0.0" } }, "sha512-9ZhXKM/rw350N1ovuWHbGxnGh/SNJ4cnxHiM0rxE4VN41wsg8P8zWn9hv/buK00RP4WvlOyr/RBDiptyxVbkZQ=="],

    "process-warning": ["process-warning@5.0.0", "", {}, "sha512-a39t9ApHNx2L4+HBnQKqxxHNs1r7KF+Intd8Q/g1bUh6q0WIp9voPXJ/x0j+ZL45KF1pJd9+q2jLIRMfvEshkA=="],

    "protobufjs": ["protobufjs@7.5.4", "", { "dependencies": { "@protobufjs/aspromise": "^1.1.2", "@protobufjs/base64": "^1.1.2", "@protobufjs/codegen": "^2.0.4", "@protobufjs/eventemitter": "^1.1.0", "@protobufjs/fetch": "^1.1.0", "@protobufjs/float": "^1.0.2", "@protobufjs/inquire": "^1.1.0", "@protobufjs/path": "^1.1.2", "@protobufjs/pool": "^1.1.0", "@protobufjs/utf8": "^1.1.0", "@types/node": ">=13.7.0", "long": "^5.0.0" } }, "sha512-CvexbZtbov6jW2eXAvLukXjXUW1TzFaivC46BpWc/3BpcCysb5Vffu+B3XHMm8lVEuy2Mm4XGex8hBSg1yapPg=="],

    "pump": ["pump@3.0.4", "", { "dependencies": { "end-of-stream": "^1.1.0", "once": "^1.3.1" } }, "sha512-VS7sjc6KR7e1ukRFhQSY5LM2uBWAUPiOPa/A3mkKmiMwSmRFUITt0xuj+/lesgnCv+dPIEYlkzrcyXgquIHMcA=="],

    "quick-format-unescaped": ["quick-format-unescaped@4.0.4", "", {}, "sha512-tYC1Q1hgyRuHgloV/YXs2w15unPVh8qfu/qCTfhTYamaw7fyhumKa2yGpdSo87vY32rIclj+4fWYQXUMs9EHvg=="],

    "real-require": ["real-require@0.2.0", "", {}, "sha512-57frrGM/OCTLqLOAh0mhVA9VBMHd+9U7Zb2THMGdBUoZVOtGbJzjxsYGDJ3A9AYYCP4hn6y1TVbaOfzWtm5GFg=="],

    "require-in-the-middle": ["require-in-the-middle@8.0.1", "", { "dependencies": { "debug": "^4.3.5", "module-details-from-path": "^1.0.3" } }, "sha512-QT7FVMXfWOYFbeRBF6nu+I6tr2Tf3u0q8RIEjNob/heKY/nh7drD/k7eeMFmSQgnTtCzLDcCu/XEnpW2wk4xCQ=="],

    "safe-stable-stringify": ["safe-stable-stringify@2.5.0", "", {}, "sha512-b3rppTKm9T+PsVCBEOUR46GWI7fdOs00VKZ1+9c1EWDaDMvjQc6tUwuFyIprgGgTcWoVHSKrU8H31ZHA2e0RHA=="],

    "secure-json-parse": ["secure-json-parse@4.1.0", "", {}, "sha512-l4KnYfEyqYJxDwlNVyRfO2E4NTHfMKAWdUuA8J0yve2Dz/E/PdBepY03RvyJpssIpRFwJoCD55wA+mEDs6ByWA=="],

    "sonic-boom": ["sonic-boom@4.2.1", "", { "dependencies": { "atomic-sleep": "^1.0.0" } }, "sha512-w6AxtubXa2wTXAUsZMMWERrsIRAdrK0Sc+FUytWvYAhBJLyuI4llrMIC1DtlNSdI99EI86KZum2MMq3EAZlF9Q=="],

    "split2": ["split2@4.2.0", "", {}, "sha512-UcjcJOWknrNkF6PLX83qcHM6KHgVKNkV62Y8a5uYDVv9ydGQVwAHMKqHdJje1VTWpljG0WYpCDhrCdAOYH4TWg=="],

    "strip-json-comments": ["strip-json-comments@5.0.3", "", {}, "sha512-1tB5mhVo7U+ETBKNf92xT4hrQa3pm0MZ0PQvuDnWgAAGHDsfp4lPSpiS6psrSiet87wyGPh9ft6wmhOMQ0hDiw=="],

    "thread-stream": ["thread-stream@4.0.0", "", { "dependencies": { "real-require": "^0.2.0" } }, "sha512-4iMVL6HAINXWf1ZKZjIPcz5wYaOdPhtO8ATvZ+Xqp3BTdaqtAwQkNmKORqcIo5YkQqGXq5cwfswDwMqqQNrpJA=="],

    "ts-mixer": ["ts-mixer@6.0.4", "", {}, "sha512-ufKpbmrugz5Aou4wcr5Wc1UUFWOLhq+Fm6qa6P0w0K5Qw2yhaUoiWszhCVuNQyNwrlGiscHOmqYoAox1PtvgjA=="],

    "tslib": ["tslib@2.8.1", "", {}, "sha512-oJFu94HQb+KVduSUQL7wnpmqnfmLsOA/nAh6b6EH0wCEoK0/mPeXU6c3wKDV83MkOuHPRHtSXKKU99IBazS/2w=="],

    "undici": ["undici@6.24.1", "", {}, "sha512-sC+b0tB1whOCzbtlx20fx3WgCXwkW627p4EA9uM+/tNNPkSS+eSEld6pAs9nDv7WbY1UUljBMYPtu9BCOrCWKA=="],

    "undici-types": ["undici-types@7.18.2", "", {}, "sha512-AsuCzffGHJybSaRrmr5eHr81mwJU3kjw6M+uprWvCXiNeN9SOGwQ3Jn8jb8m3Z6izVgknn1R0FTCEAP2QrLY/w=="],

    "wrappy": ["wrappy@1.0.2", "", {}, "sha512-l4Sp/DRseor9wL6EvV2+TuQn63dMkPjZ/sp9XkghTEbV9KlPS1xUsZ3u7/IQO4wxtcFB4bgpQPRcR3QCvezPcQ=="],

    "ws": ["ws@8.20.0", "", { "peerDependencies": { "bufferutil": "^4.0.1", "utf-8-validate": ">=5.0.2" }, "optionalPeers": ["bufferutil", "utf-8-validate"] }, "sha512-sAt8BhgNbzCtgGbt2OxmpuryO63ZoDk/sqaB/znQm94T4fCEsy/yV+7CdC1kJhOU9lboAEU7R3kquuycDoibVA=="],

    "xtend": ["xtend@4.0.2", "", {}, "sha512-LKYU1iAXJXUgAXn9URjiu+MWhyUXHsvfp7mcuYm9dSUKK0/CjtrUwFAxD82/mCWbtLsGjFIad0wIsod4zrTAEQ=="],

    "@discordjs/rest/@discordjs/collection": ["@discordjs/collection@2.1.1", "", {}, "sha512-LiSusze9Tc7qF03sLCujF5iZp7K+vRNEDBZ86FT9aQAv3vxMLihUvKvpsCWiQ2DJq1tVckopKm1rxomgNUc9hg=="],

    "@discordjs/rest/@sapphire/snowflake": ["@sapphire/snowflake@3.5.5", "", {}, "sha512-xzvBr1Q1c4lCe7i6sRnrofxeO1QTP/LKQ6A6qy0iB4x5yfiSfARMEQEghojzTNALDTcv8En04qYNIco9/K9eZQ=="],

    "@discordjs/ws/@discordjs/collection": ["@discordjs/collection@2.1.1", "", {}, "sha512-LiSusze9Tc7qF03sLCujF5iZp7K+vRNEDBZ86FT9aQAv3vxMLihUvKvpsCWiQ2DJq1tVckopKm1rxomgNUc9hg=="],

    "@fastify/otel/@opentelemetry/instrumentation": ["@opentelemetry/instrumentation@0.212.0", "", { "dependencies": { "@opentelemetry/api-logs": "0.212.0", "import-in-the-middle": "^2.0.6", "require-in-the-middle": "^8.0.0" }, "peerDependencies": { "@opentelemetry/api": "^1.3.0" } }, "sha512-IyXmpNnifNouMOe0I/gX7ENfv2ZCNdYTF0FpCsoBcpbIHzk81Ww9rQTYTnvghszCg7qGrIhNvWC8dhEifgX9Jg=="],

    "@prisma/instrumentation/@opentelemetry/instrumentation": ["@opentelemetry/instrumentation@0.207.0", "", { "dependencies": { "@opentelemetry/api-logs": "0.207.0", "import-in-the-middle": "^2.0.0", "require-in-the-middle": "^8.0.0" }, "peerDependencies": { "@opentelemetry/api": "^1.3.0" } }, "sha512-y6eeli9+TLKnznrR8AZlQMSJT7wILpXH+6EYq5Vf/4Ao+huI7EedxQHwRgVUOMLFbe7VFDvHJrX9/f4lcwnJsA=="],

    "@fastify/otel/@opentelemetry/instrumentation/@opentelemetry/api-logs": ["@opentelemetry/api-logs@0.212.0", "", { "dependencies": { "@opentelemetry/api": "^1.3.0" } }, "sha512-TEEVrLbNROUkYY51sBJGk7lO/OLjuepch8+hmpM6ffMJQ2z/KVCjdHuCFX6fJj8OkJP2zckPjrJzQtXU3IAsFg=="],

    "@fastify/otel/@opentelemetry/instrumentation/import-in-the-middle": ["import-in-the-middle@2.0.6", "", { "dependencies": { "acorn": "^8.15.0", "acorn-import-attributes": "^1.9.5", "cjs-module-lexer": "^2.2.0", "module-details-from-path": "^1.0.4" } }, "sha512-3vZV3jX0XRFW3EJDTwzWoZa+RH1b8eTTx6YOCjglrLyPuepwoBti1k3L2dKwdCUrnVEfc5CuRuGstaC/uQJJaw=="],

    "@prisma/instrumentation/@opentelemetry/instrumentation/@opentelemetry/api-logs": ["@opentelemetry/api-logs@0.207.0", "", { "dependencies": { "@opentelemetry/api": "^1.3.0" } }, "sha512-lAb0jQRVyleQQGiuuvCOTDVspc14nx6XJjP4FspJ1sNARo3Regq4ZZbrc3rN4b1TYSuUCvgH+UXUPug4SLOqEQ=="],

    "@prisma/instrumentation/@opentelemetry/instrumentation/import-in-the-middle": ["import-in-the-middle@2.0.6", "", { "dependencies": { "acorn": "^8.15.0", "acorn-import-attributes": "^1.9.5", "cjs-module-lexer": "^2.2.0", "module-details-from-path": "^1.0.4" } }, "sha512-3vZV3jX0XRFW3EJDTwzWoZa+RH1b8eTTx6YOCjglrLyPuepwoBti1k3L2dKwdCUrnVEfc5CuRuGstaC/uQJJaw=="],
  }
}
